
Microsoft Visual Studio Solution File, Format Version 12.00
# Visual Studio Version 16
VisualStudioVersion = 16.0.30711.63
MinimumVisualStudioVersion = 10.0.40219.1
Project("{2150E333-8FDC-42A3-9474-1A3956D46DE8}") = "src", "src", "{F3536B2F-39CB-4C5D-805F-DEAB928A235C}"
EndProject
Project("{2150E333-8FDC-42A3-9474-1A3956D46DE8}") = "Building Blocks", "Building Blocks", "{407F4D74-A44D-4341-AD47-C05FA39DDBB8}"
EndProject
Project("{2150E333-8FDC-42A3-9474-1A3956D46DE8}") = "Services", "Services", "{15AE3F75-9F6E-49CF-9CAC-C87A9BD9128A}"
EndProject
Project("{2150E333-8FDC-42A3-9474-1A3956D46DE8}") = "Web", "Web", "{79572571-C32F-4BF3-B890-628D9A3ED9E9}"
EndProject
Project("{2150E333-8FDC-42A3-9474-1A3956D46DE8}") = "Identidade", "Identidade", "{30274570-05B7-47C9-BC1E-7D7078DEF046}"
EndProject
Project("{9A19103F-16F7-4668-BE54-9A1E7A4F7556}") = "NSE.Identidade.API", "src\services\NSE.Identidade.API\NSE.Identidade.API.csproj", "{62C941F3-D8D5-49AD-9BAA-6644AC60D699}"
EndProject
Project("{9A19103F-16F7-4668-BE54-9A1E7A4F7556}") = "NSE.WebApp.MVC", "src\web\NSE.WebApp.MVC\NSE.WebApp.MVC.csproj", "{8454D6BA-12FF-4F87-A948-82AF27EF0441}"
EndProject
Project("{2150E333-8FDC-42A3-9474-1A3956D46DE8}") = "Core", "Core", "{655A8DAD-CE0D-47E3-BF7C-9073439B0D4F}"
EndProject
Project("{9A19103F-16F7-4668-BE54-9A1E7A4F7556}") = "NSE.Core", "src\building blocks\NSE.Core\NSE.Core.csproj", "{C70A57EB-DED9-450A-A4FE-D5481440A1FC}"
EndProject
Project("{2150E333-8FDC-42A3-9474-1A3956D46DE8}") = "Carrinho", "Carrinho", "{7D88B1EA-D49E-439F-9215-F1807D29C32A}"
EndProject
Project("{2150E333-8FDC-42A3-9474-1A3956D46DE8}") = "Catalogo", "Catalogo", "{F8DB1FE0-9AA5-469B-87DA-68A84DD9DCB5}"
EndProject
Project("{2150E333-8FDC-42A3-9474-1A3956D46DE8}") = "Cliente", "Cliente", "{A9FAE0DD-209E-428C-BAE3-545EBB73059F}"
EndProject
Project("{2150E333-8FDC-42A3-9474-1A3956D46DE8}") = "Pagamento", "Pagamento", "{AEBBCF92-F168-49E2-84F4-141A286287D2}"
EndProject
Project("{2150E333-8FDC-42A3-9474-1A3956D46DE8}") = "Pedido", "Pedido", "{FBF99782-665D-42DA-92B1-5D85F380167B}"
EndProject
Project("{9A19103F-16F7-4668-BE54-9A1E7A4F7556}") = "NSE.Carrinho.API", "src\services\NSE.Carrinho.API\NSE.Carrinho.API.csproj", "{593736D3-A66D-4D15-BB65-DBAF989A78DC}"
EndProject
Project("{9A19103F-16F7-4668-BE54-9A1E7A4F7556}") = "NSE.Catalogo.API", "src\services\NSE.Catalogo.API\NSE.Catalogo.API.csproj", "{9EAC90F9-D4F3-467D-9DE8-1A488D355BDA}"
EndProject
Project("{9A19103F-16F7-4668-BE54-9A1E7A4F7556}") = "NSE.Pagamento.API", "src\services\NSE.Pagamento.API\NSE.Pagamento.API.csproj", "{39ECFEEC-A50C-4E27-A2A0-04CCAC6F5419}"
EndProject
Project("{9A19103F-16F7-4668-BE54-9A1E7A4F7556}") = "NSE.Pedido.API", "src\services\NSE.Pedido.API\NSE.Pedido.API.csproj", "{8177969C-F6ED-4936-9E63-36DD4E1C3EFA}"
EndProject
Project("{2150E333-8FDC-42A3-9474-1A3956D46DE8}") = "MVC", "MVC", "{62501864-BF2B-4025-9AE0-8A1F9E97EB3F}"
EndProject
Project("{2150E333-8FDC-42A3-9474-1A3956D46DE8}") = "Services", "Services", "{C8177A38-E441-4750-ACEA-38A907DF3224}"
EndProject
Project("{9A19103F-16F7-4668-BE54-9A1E7A4F7556}") = "NSE.WebAPI.Core", "src\building blocks\NSE.WebAPI.Core\NSE.WebAPI.Core.csproj", "{8D5F286D-6ED8-4ACE-9A45-78CAD687D0EF}"
EndProject
Project("{9A19103F-16F7-4668-BE54-9A1E7A4F7556}") = "NSE.Clientes.API", "src\services\NSE.Clientes.API\NSE.Clientes.API.csproj", "{356F123C-6298-4B43-A643-8A17C667DA00}"
EndProject
Project("{2150E333-8FDC-42A3-9474-1A3956D46DE8}") = "MessageBus", "MessageBus", "{9BA9E37A-CE95-4D0B-B5C3-6CD5C62E744E}"
EndProject
Project("{FAE04EC0-301F-11D3-BF4B-00C04F79EFBC}") = "NSE.MessageBus", "src\building blocks\NSE.MessageBus\NSE.MessageBus.csproj", "{A029C643-C65F-4964-8EE2-BE1EEB5C04E8}"
EndProject
Global
	GlobalSection(SolutionConfigurationPlatforms) = preSolution
		Debug|Any CPU = Debug|Any CPU
		Release|Any CPU = Release|Any CPU
	EndGlobalSection
	GlobalSection(ProjectConfigurationPlatforms) = postSolution
		{62C941F3-D8D5-49AD-9BAA-6644AC60D699}.Debug|Any CPU.ActiveCfg = Debug|Any CPU
		{62C941F3-D8D5-49AD-9BAA-6644AC60D699}.Debug|Any CPU.Build.0 = Debug|Any CPU
		{62C941F3-D8D5-49AD-9BAA-6644AC60D699}.Release|Any CPU.ActiveCfg = Release|Any CPU
		{62C941F3-D8D5-49AD-9BAA-6644AC60D699}.Release|Any CPU.Build.0 = Release|Any CPU
		{8454D6BA-12FF-4F87-A948-82AF27EF0441}.Debug|Any CPU.ActiveCfg = Debug|Any CPU
		{8454D6BA-12FF-4F87-A948-82AF27EF0441}.Debug|Any CPU.Build.0 = Debug|Any CPU
		{8454D6BA-12FF-4F87-A948-82AF27EF0441}.Release|Any CPU.ActiveCfg = Release|Any CPU
		{8454D6BA-12FF-4F87-A948-82AF27EF0441}.Release|Any CPU.Build.0 = Release|Any CPU
		{C70A57EB-DED9-450A-A4FE-D5481440A1FC}.Debug|Any CPU.ActiveCfg = Debug|Any CPU
		{C70A57EB-DED9-450A-A4FE-D5481440A1FC}.Debug|Any CPU.Build.0 = Debug|Any CPU
		{C70A57EB-DED9-450A-A4FE-D5481440A1FC}.Release|Any CPU.ActiveCfg = Release|Any CPU
		{C70A57EB-DED9-450A-A4FE-D5481440A1FC}.Release|Any CPU.Build.0 = Release|Any CPU
		{593736D3-A66D-4D15-BB65-DBAF989A78DC}.Debug|Any CPU.ActiveCfg = Debug|Any CPU
		{593736D3-A66D-4D15-BB65-DBAF989A78DC}.Debug|Any CPU.Build.0 = Debug|Any CPU
		{593736D3-A66D-4D15-BB65-DBAF989A78DC}.Release|Any CPU.ActiveCfg = Release|Any CPU
		{593736D3-A66D-4D15-BB65-DBAF989A78DC}.Release|Any CPU.Build.0 = Release|Any CPU
		{9EAC90F9-D4F3-467D-9DE8-1A488D355BDA}.Debug|Any CPU.ActiveCfg = Debug|Any CPU
		{9EAC90F9-D4F3-467D-9DE8-1A488D355BDA}.Debug|Any CPU.Build.0 = Debug|Any CPU
		{9EAC90F9-D4F3-467D-9DE8-1A488D355BDA}.Release|Any CPU.ActiveCfg = Release|Any CPU
		{9EAC90F9-D4F3-467D-9DE8-1A488D355BDA}.Release|Any CPU.Build.0 = Release|Any CPU
		{39ECFEEC-A50C-4E27-A2A0-04CCAC6F5419}.Debug|Any CPU.ActiveCfg = Debug|Any CPU
		{39ECFEEC-A50C-4E27-A2A0-04CCAC6F5419}.Debug|Any CPU.Build.0 = Debug|Any CPU
		{39ECFEEC-A50C-4E27-A2A0-04CCAC6F5419}.Release|Any CPU.ActiveCfg = Release|Any CPU
		{39ECFEEC-A50C-4E27-A2A0-04CCAC6F5419}.Release|Any CPU.Build.0 = Release|Any CPU
		{8177969C-F6ED-4936-9E63-36DD4E1C3EFA}.Debug|Any CPU.ActiveCfg = Debug|Any CPU
		{8177969C-F6ED-4936-9E63-36DD4E1C3EFA}.Debug|Any CPU.Build.0 = Debug|Any CPU
		{8177969C-F6ED-4936-9E63-36DD4E1C3EFA}.Release|Any CPU.ActiveCfg = Release|Any CPU
		{8177969C-F6ED-4936-9E63-36DD4E1C3EFA}.Release|Any CPU.Build.0 = Release|Any CPU
		{8D5F286D-6ED8-4ACE-9A45-78CAD687D0EF}.Debug|Any CPU.ActiveCfg = Debug|Any CPU
		{8D5F286D-6ED8-4ACE-9A45-78CAD687D0EF}.Debug|Any CPU.Build.0 = Debug|Any CPU
		{8D5F286D-6ED8-4ACE-9A45-78CAD687D0EF}.Release|Any CPU.ActiveCfg = Release|Any CPU
		{8D5F286D-6ED8-4ACE-9A45-78CAD687D0EF}.Release|Any CPU.Build.0 = Release|Any CPU
		{356F123C-6298-4B43-A643-8A17C667DA00}.Debug|Any CPU.ActiveCfg = Debug|Any CPU
		{356F123C-6298-4B43-A643-8A17C667DA00}.Debug|Any CPU.Build.0 = Debug|Any CPU
		{356F123C-6298-4B43-A643-8A17C667DA00}.Release|Any CPU.ActiveCfg = Release|Any CPU
		{356F123C-6298-4B43-A643-8A17C667DA00}.Release|Any CPU.Build.0 = Release|Any CPU
		{A029C643-C65F-4964-8EE2-BE1EEB5C04E8}.Debug|Any CPU.ActiveCfg = Debug|Any CPU
		{A029C643-C65F-4964-8EE2-BE1EEB5C04E8}.Debug|Any CPU.Build.0 = Debug|Any CPU
		{A029C643-C65F-4964-8EE2-BE1EEB5C04E8}.Release|Any CPU.ActiveCfg = Release|Any CPU
		{A029C643-C65F-4964-8EE2-BE1EEB5C04E8}.Release|Any CPU.Build.0 = Release|Any CPU
	EndGlobalSection
	GlobalSection(SolutionProperties) = preSolution
		HideSolutionNode = FALSE
	EndGlobalSection
	GlobalSection(NestedProjects) = preSolution
		{407F4D74-A44D-4341-AD47-C05FA39DDBB8} = {F3536B2F-39CB-4C5D-805F-DEAB928A235C}
		{15AE3F75-9F6E-49CF-9CAC-C87A9BD9128A} = {F3536B2F-39CB-4C5D-805F-DEAB928A235C}
		{79572571-C32F-4BF3-B890-628D9A3ED9E9} = {F3536B2F-39CB-4C5D-805F-DEAB928A235C}
		{30274570-05B7-47C9-BC1E-7D7078DEF046} = {15AE3F75-9F6E-49CF-9CAC-C87A9BD9128A}
		{62C941F3-D8D5-49AD-9BAA-6644AC60D699} = {30274570-05B7-47C9-BC1E-7D7078DEF046}
		{8454D6BA-12FF-4F87-A948-82AF27EF0441} = {62501864-BF2B-4025-9AE0-8A1F9E97EB3F}
		{655A8DAD-CE0D-47E3-BF7C-9073439B0D4F} = {407F4D74-A44D-4341-AD47-C05FA39DDBB8}
		{C70A57EB-DED9-450A-A4FE-D5481440A1FC} = {655A8DAD-CE0D-47E3-BF7C-9073439B0D4F}
		{7D88B1EA-D49E-439F-9215-F1807D29C32A} = {15AE3F75-9F6E-49CF-9CAC-C87A9BD9128A}
		{F8DB1FE0-9AA5-469B-87DA-68A84DD9DCB5} = {15AE3F75-9F6E-49CF-9CAC-C87A9BD9128A}
		{A9FAE0DD-209E-428C-BAE3-545EBB73059F} = {15AE3F75-9F6E-49CF-9CAC-C87A9BD9128A}
		{AEBBCF92-F168-49E2-84F4-141A286287D2} = {15AE3F75-9F6E-49CF-9CAC-C87A9BD9128A}
		{FBF99782-665D-42DA-92B1-5D85F380167B} = {15AE3F75-9F6E-49CF-9CAC-C87A9BD9128A}
		{593736D3-A66D-4D15-BB65-DBAF989A78DC} = {7D88B1EA-D49E-439F-9215-F1807D29C32A}
		{9EAC90F9-D4F3-467D-9DE8-1A488D355BDA} = {F8DB1FE0-9AA5-469B-87DA-68A84DD9DCB5}
		{39ECFEEC-A50C-4E27-A2A0-04CCAC6F5419} = {AEBBCF92-F168-49E2-84F4-141A286287D2}
		{8177969C-F6ED-4936-9E63-36DD4E1C3EFA} = {FBF99782-665D-42DA-92B1-5D85F380167B}
		{62501864-BF2B-4025-9AE0-8A1F9E97EB3F} = {79572571-C32F-4BF3-B890-628D9A3ED9E9}
		{C8177A38-E441-4750-ACEA-38A907DF3224} = {407F4D74-A44D-4341-AD47-C05FA39DDBB8}
		{8D5F286D-6ED8-4ACE-9A45-78CAD687D0EF} = {C8177A38-E441-4750-ACEA-38A907DF3224}
		{356F123C-6298-4B43-A643-8A17C667DA00} = {A9FAE0DD-209E-428C-BAE3-545EBB73059F}
		{9BA9E37A-CE95-4D0B-B5C3-6CD5C62E744E} = {407F4D74-A44D-4341-AD47-C05FA39DDBB8}
		{A029C643-C65F-4964-8EE2-BE1EEB5C04E8} = {9BA9E37A-CE95-4D0B-B5C3-6CD5C62E744E}
	EndGlobalSection
	GlobalSection(ExtensibilityGlobals) = postSolution
		SolutionGuid = {0AA8ED55-BF52-4284-8689-DB93AE416805}
	EndGlobalSection
EndGlobal
